
Microsoft Visual Studio Solution File, Format Version 12.00
# Visual Studio Version 16
VisualStudioVersion = 16.0.30611.23
MinimumVisualStudioVersion = 10.0.40219.1
Project("{9A19103F-16F7-4668-BE54-9A1E7A4F7556}") = "Day2", "Day2\Day2.csproj", "{DFA1D1C5-FA22-4937-92D8-78617084F5DA}"
EndProject
Project("{9A19103F-16F7-4668-BE54-9A1E7A4F7556}") = "Day3", "Day3\Day3.csproj", "{645FB4D3-5D14-4B1D-848B-52A11589AB4D}"
EndProject
Project("{9A19103F-16F7-4668-BE54-9A1E7A4F7556}") = "Day1", "Day1\Day1.csproj", "{BCEF8CA2-2C34-4CD4-9022-5725EC52F66F}"
EndProject
Project("{9A19103F-16F7-4668-BE54-9A1E7A4F7556}") = "Day4", "Day4\Day4.csproj", "{916C0C09-74E2-431E-A623-AD334AACD5E1}"
EndProject
Project("{9A19103F-16F7-4668-BE54-9A1E7A4F7556}") = "Day5", "Day5\Day5.csproj", "{40F2DF74-22B5-4B4A-9E5E-B69F76D524AB}"
EndProject
Project("{FAE04EC0-301F-11D3-BF4B-00C04F79EFBC}") = "Day6", "Day6\Day6.csproj", "{78028778-455F-44C0-A9B3-7B04268404F0}"
EndProject
Global
	GlobalSection(SolutionConfigurationPlatforms) = preSolution
		Debug|Any CPU = Debug|Any CPU
		Release|Any CPU = Release|Any CPU
	EndGlobalSection
	GlobalSection(ProjectConfigurationPlatforms) = postSolution
		{DFA1D1C5-FA22-4937-92D8-78617084F5DA}.Debug|Any CPU.ActiveCfg = Debug|Any CPU
		{DFA1D1C5-FA22-4937-92D8-78617084F5DA}.Debug|Any CPU.Build.0 = Debug|Any CPU
		{DFA1D1C5-FA22-4937-92D8-78617084F5DA}.Release|Any CPU.ActiveCfg = Release|Any CPU
		{DFA1D1C5-FA22-4937-92D8-78617084F5DA}.Release|Any CPU.Build.0 = Release|Any CPU
		{645FB4D3-5D14-4B1D-848B-52A11589AB4D}.Debug|Any CPU.ActiveCfg = Debug|Any CPU
		{645FB4D3-5D14-4B1D-848B-52A11589AB4D}.Debug|Any CPU.Build.0 = Debug|Any CPU
		{645FB4D3-5D14-4B1D-848B-52A11589AB4D}.Release|Any CPU.ActiveCfg = Release|Any CPU
		{645FB4D3-5D14-4B1D-848B-52A11589AB4D}.Release|Any CPU.Build.0 = Release|Any CPU
		{BCEF8CA2-2C34-4CD4-9022-5725EC52F66F}.Debug|Any CPU.ActiveCfg = Debug|Any CPU
		{BCEF8CA2-2C34-4CD4-9022-5725EC52F66F}.Debug|Any CPU.Build.0 = Debug|Any CPU
		{BCEF8CA2-2C34-4CD4-9022-5725EC52F66F}.Release|Any CPU.ActiveCfg = Release|Any CPU
		{BCEF8CA2-2C34-4CD4-9022-5725EC52F66F}.Release|Any CPU.Build.0 = Release|Any CPU
		{916C0C09-74E2-431E-A623-AD334AACD5E1}.Debug|Any CPU.ActiveCfg = Debug|Any CPU
		{916C0C09-74E2-431E-A623-AD334AACD5E1}.Debug|Any CPU.Build.0 = Debug|Any CPU
		{916C0C09-74E2-431E-A623-AD334AACD5E1}.Release|Any CPU.ActiveCfg = Release|Any CPU
		{916C0C09-74E2-431E-A623-AD334AACD5E1}.Release|Any CPU.Build.0 = Release|Any CPU
		{40F2DF74-22B5-4B4A-9E5E-B69F76D524AB}.Debug|Any CPU.ActiveCfg = Debug|Any CPU
		{40F2DF74-22B5-4B4A-9E5E-B69F76D524AB}.Debug|Any CPU.Build.0 = Debug|Any CPU
		{40F2DF74-22B5-4B4A-9E5E-B69F76D524AB}.Release|Any CPU.ActiveCfg = Release|Any CPU
		{40F2DF74-22B5-4B4A-9E5E-B69F76D524AB}.Release|Any CPU.Build.0 = Release|Any CPU
		{78028778-455F-44C0-A9B3-7B04268404F0}.Debug|Any CPU.ActiveCfg = Debug|Any CPU
		{78028778-455F-44C0-A9B3-7B04268404F0}.Debug|Any CPU.Build.0 = Debug|Any CPU
		{78028778-455F-44C0-A9B3-7B04268404F0}.Release|Any CPU.ActiveCfg = Release|Any CPU
		{78028778-455F-44C0-A9B3-7B04268404F0}.Release|Any CPU.Build.0 = Release|Any CPU
	EndGlobalSection
	GlobalSection(SolutionProperties) = preSolution
		HideSolutionNode = FALSE
	EndGlobalSection
	GlobalSection(ExtensibilityGlobals) = postSolution
		SolutionGuid = {846DBB75-3B53-4AF3-9534-3427400A6EC0}
	EndGlobalSection
EndGlobal
